// !$*UTF8*$!
{
	archiveVersion = 1;
	classes = {
	};
	objectVersion = 55;
	objects = {

/* Begin PBXBuildFile section */
		8632B826274D802F00D06321 /* PokedexApp.swift in Sources */ = {isa = PBXBuildFile; fileRef = 8632B825274D802F00D06321 /* PokedexApp.swift */; };
		8632B828274D802F00D06321 /* ContentView.swift in Sources */ = {isa = PBXBuildFile; fileRef = 8632B827274D802F00D06321 /* ContentView.swift */; };
		8632B82A274D803000D06321 /* Assets.xcassets in Resources */ = {isa = PBXBuildFile; fileRef = 8632B829274D803000D06321 /* Assets.xcassets */; };
		8632B82D274D803000D06321 /* Preview Assets.xcassets in Resources */ = {isa = PBXBuildFile; fileRef = 8632B82C274D803000D06321 /* Preview Assets.xcassets */; };
		8632B82F274D803000D06321 /* Persistence.swift in Sources */ = {isa = PBXBuildFile; fileRef = 8632B82E274D803000D06321 /* Persistence.swift */; };
		8632B832274D803000D06321 /* Pokedex.xcdatamodeld in Sources */ = {isa = PBXBuildFile; fileRef = 8632B830274D803000D06321 /* Pokedex.xcdatamodeld */; };
		8632B83C274D80B400D06321 /* PokemonCell.swift in Sources */ = {isa = PBXBuildFile; fileRef = 8632B83B274D80B400D06321 /* PokemonCell.swift */; };
		8632B83E274D850700D06321 /* PokedexView.swift in Sources */ = {isa = PBXBuildFile; fileRef = 8632B83D274D850600D06321 /* PokedexView.swift */; };
		8632B840274D87A600D06321 /* Pokemon.swift in Sources */ = {isa = PBXBuildFile; fileRef = 8632B83F274D87A600D06321 /* Pokemon.swift */; };
		8632B842274D8A8E00D06321 /* PokemonViewModel.swift in Sources */ = {isa = PBXBuildFile; fileRef = 8632B841274D8A8E00D06321 /* PokemonViewModel.swift */; };
		8632B845274D8F0D00D06321 /* Kingfisher in Frameworks */ = {isa = PBXBuildFile; productRef = 8632B844274D8F0D00D06321 /* Kingfisher */; };
		86DFFD232750ECD2006C44A7 /* PokemonDetails.swift in Sources */ = {isa = PBXBuildFile; fileRef = 86DFFD222750ECD2006C44A7 /* PokemonDetails.swift */; };
		86DFFD252751000E006C44A7 /* TabBar.swift in Sources */ = {isa = PBXBuildFile; fileRef = 86DFFD242751000E006C44A7 /* TabBar.swift */; };
/* End PBXBuildFile section */

/* Begin PBXFileReference section */
		8632B822274D802F00D06321 /* Pokedex.app */ = {isa = PBXFileReference; explicitFileType = wrapper.application; includeInIndex = 0; path = Pokedex.app; sourceTree = BUILT_PRODUCTS_DIR; };
		8632B825274D802F00D06321 /* PokedexApp.swift */ = {isa = PBXFileReference; lastKnownFileType = sourcecode.swift; path = PokedexApp.swift; sourceTree = "<group>"; };
		8632B827274D802F00D06321 /* ContentView.swift */ = {isa = PBXFileReference; lastKnownFileType = sourcecode.swift; path = ContentView.swift; sourceTree = "<group>"; };
		8632B829274D803000D06321 /* Assets.xcassets */ = {isa = PBXFileReference; lastKnownFileType = folder.assetcatalog; path = Assets.xcassets; sourceTree = "<group>"; };
		8632B82C274D803000D06321 /* Preview Assets.xcassets */ = {isa = PBXFileReference; lastKnownFileType = folder.assetcatalog; path = "Preview Assets.xcassets"; sourceTree = "<group>"; };
		8632B82E274D803000D06321 /* Persistence.swift */ = {isa = PBXFileReference; lastKnownFileType = sourcecode.swift; path = Persistence.swift; sourceTree = "<group>"; };
		8632B831274D803000D06321 /* Pokedex.xcdatamodel */ = {isa = PBXFileReference; lastKnownFileType = wrapper.xcdatamodel; path = Pokedex.xcdatamodel; sourceTree = "<group>"; };
		8632B83B274D80B400D06321 /* PokemonCell.swift */ = {isa = PBXFileReference; lastKnownFileType = sourcecode.swift; path = PokemonCell.swift; sourceTree = "<group>"; };
		8632B83D274D850600D06321 /* PokedexView.swift */ = {isa = PBXFileReference; lastKnownFileType = sourcecode.swift; path = PokedexView.swift; sourceTree = "<group>"; };
		8632B83F274D87A600D06321 /* Pokemon.swift */ = {isa = PBXFileReference; lastKnownFileType = sourcecode.swift; path = Pokemon.swift; sourceTree = "<group>"; };
		8632B841274D8A8E00D06321 /* PokemonViewModel.swift */ = {isa = PBXFileReference; lastKnownFileType = sourcecode.swift; path = PokemonViewModel.swift; sourceTree = "<group>"; };
		86DFFD222750ECD2006C44A7 /* PokemonDetails.swift */ = {isa = PBXFileReference; lastKnownFileType = sourcecode.swift; path = PokemonDetails.swift; sourceTree = "<group>"; };
		86DFFD242751000E006C44A7 /* TabBar.swift */ = {isa = PBXFileReference; lastKnownFileType = sourcecode.swift; path = TabBar.swift; sourceTree = "<group>"; };
/* End PBXFileReference section */

/* Begin PBXFrameworksBuildPhase section */
		8632B81F274D802F00D06321 /* Frameworks */ = {
			isa = PBXFrameworksBuildPhase;
			buildActionMask = 2147483647;
			files = (
				8632B845274D8F0D00D06321 /* Kingfisher in Frameworks */,
			);
			runOnlyForDeploymentPostprocessing = 0;
		};
/* End PBXFrameworksBuildPhase section */

/* Begin PBXGroup section */
		8632B819274D802F00D06321 = {
			isa = PBXGroup;
			children = (
				8632B824274D802F00D06321 /* Pokedex */,
				8632B823274D802F00D06321 /* Products */,
			);
			sourceTree = "<group>";
		};
		8632B823274D802F00D06321 /* Products */ = {
			isa = PBXGroup;
			children = (
				8632B822274D802F00D06321 /* Pokedex.app */,
			);
			name = Products;
			sourceTree = "<group>";
		};
		8632B824274D802F00D06321 /* Pokedex */ = {
			isa = PBXGroup;
			children = (
				8632B83A274D804C00D06321 /* ViewModel */,
				8632B839274D804600D06321 /* View */,
				8632B838274D803A00D06321 /* Model */,
				8632B825274D802F00D06321 /* PokedexApp.swift */,
				8632B827274D802F00D06321 /* ContentView.swift */,
				8632B829274D803000D06321 /* Assets.xcassets */,
				8632B82E274D803000D06321 /* Persistence.swift */,
				8632B830274D803000D06321 /* Pokedex.xcdatamodeld */,
				8632B82B274D803000D06321 /* Preview Content */,
			);
			path = Pokedex;
			sourceTree = "<group>";
		};
		8632B82B274D803000D06321 /* Preview Content */ = {
			isa = PBXGroup;
			children = (
				8632B82C274D803000D06321 /* Preview Assets.xcassets */,
			);
			path = "Preview Content";
			sourceTree = "<group>";
		};
		8632B838274D803A00D06321 /* Model */ = {
			isa = PBXGroup;
			children = (
				8632B83F274D87A600D06321 /* Pokemon.swift */,
			);
			path = Model;
			sourceTree = "<group>";
		};
		8632B839274D804600D06321 /* View */ = {
			isa = PBXGroup;
			children = (
				8632B83B274D80B400D06321 /* PokemonCell.swift */,
				8632B83D274D850600D06321 /* PokedexView.swift */,
				86DFFD222750ECD2006C44A7 /* PokemonDetails.swift */,
				86DFFD242751000E006C44A7 /* TabBar.swift */,
			);
			path = View;
			sourceTree = "<group>";
		};
		8632B83A274D804C00D06321 /* ViewModel */ = {
			isa = PBXGroup;
			children = (
				8632B841274D8A8E00D06321 /* PokemonViewModel.swift */,
			);
			path = ViewModel;
			sourceTree = "<group>";
		};
/* End PBXGroup section */

/* Begin PBXNativeTarget section */
		8632B821274D802F00D06321 /* Pokedex */ = {
			isa = PBXNativeTarget;
			buildConfigurationList = 8632B835274D803000D06321 /* Build configuration list for PBXNativeTarget "Pokedex" */;
			buildPhases = (
				8632B81E274D802F00D06321 /* Sources */,
				8632B81F274D802F00D06321 /* Frameworks */,
				8632B820274D802F00D06321 /* Resources */,
			);
			buildRules = (
			);
			dependencies = (
			);
			name = Pokedex;
			packageProductDependencies = (
				8632B844274D8F0D00D06321 /* Kingfisher */,
			);
			productName = Pokedex;
			productReference = 8632B822274D802F00D06321 /* Pokedex.app */;
			productType = "com.apple.product-type.application";
		};
/* End PBXNativeTarget section */

/* Begin PBXProject section */
		8632B81A274D802F00D06321 /* Project object */ = {
			isa = PBXProject;
			attributes = {
				BuildIndependentTargetsInParallel = 1;
				LastSwiftUpdateCheck = 1300;
				LastUpgradeCheck = 1300;
				TargetAttributes = {
					8632B821274D802F00D06321 = {
						CreatedOnToolsVersion = 13.0;
					};
				};
			};
			buildConfigurationList = 8632B81D274D802F00D06321 /* Build configuration list for PBXProject "Pokedex" */;
			compatibilityVersion = "Xcode 13.0";
			developmentRegion = en;
			hasScannedForEncodings = 0;
			knownRegions = (
				en,
				Base,
			);
			mainGroup = 8632B819274D802F00D06321;
			packageReferences = (
				8632B843274D8F0D00D06321 /* XCRemoteSwiftPackageReference "Kingfisher" */,
			);
			productRefGroup = 8632B823274D802F00D06321 /* Products */;
			projectDirPath = "";
			projectRoot = "";
			targets = (
				8632B821274D802F00D06321 /* Pokedex */,
			);
		};
/* End PBXProject section */

/* Begin PBXResourcesBuildPhase section */
		8632B820274D802F00D06321 /* Resources */ = {
			isa = PBXResourcesBuildPhase;
			buildActionMask = 2147483647;
			files = (
				8632B82D274D803000D06321 /* Preview Assets.xcassets in Resources */,
				8632B82A274D803000D06321 /* Assets.xcassets in Resources */,
			);
			runOnlyForDeploymentPostprocessing = 0;
		};
/* End PBXResourcesBuildPhase section */

/* Begin PBXSourcesBuildPhase section */
		8632B81E274D802F00D06321 /* Sources */ = {
			isa = PBXSourcesBuildPhase;
			buildActionMask = 2147483647;
			files = (
				8632B840274D87A600D06321 /* Pokemon.swift in Sources */,
				8632B83C274D80B400D06321 /* PokemonCell.swift in Sources */,
				8632B832274D803000D06321 /* Pokedex.xcdatamodeld in Sources */,
				8632B82F274D803000D06321 /* Persistence.swift in Sources */,
				8632B83E274D850700D06321 /* PokedexView.swift in Sources */,
				8632B828274D802F00D06321 /* ContentView.swift in Sources */,
				8632B842274D8A8E00D06321 /* PokemonViewModel.swift in Sources */,
				8632B826274D802F00D06321 /* PokedexApp.swift in Sources */,
				86DFFD232750ECD2006C44A7 /* PokemonDetails.swift in Sources */,
				86DFFD252751000E006C44A7 /* TabBar.swift in Sources */,
			);
			runOnlyForDeploymentPostprocessing = 0;
		};
/* End PBXSourcesBuildPhase section */

/* Begin XCBuildConfiguration section */
		8632B833274D803000D06321 /* Debug */ = {
			isa = XCBuildConfiguration;
			buildSettings = {
				ALWAYS_SEARCH_USER_PATHS = NO;
				CLANG_ANALYZER_NONNULL = YES;
				CLANG_ANALYZER_NUMBER_OBJECT_CONVERSION = YES_AGGRESSIVE;
				CLANG_CXX_LANGUAGE_STANDARD = "gnu++14";
				CLANG_CXX_LIBRARY = "libc++";
				CLANG_ENABLE_MODULES = YES;
				CLANG_ENABLE_OBJC_ARC = YES;
				CLANG_ENABLE_OBJC_WEAK = YES;
				CLANG_WARN_BLOCK_CAPTURE_AUTORELEASING = YES;
				CLANG_WARN_BOOL_CONVERSION = YES;
				CLANG_WARN_COMMA = YES;
				CLANG_WARN_CONSTANT_CONVERSION = YES;
				CLANG_WARN_DEPRECATED_OBJC_IMPLEMENTATIONS = YES;
				CLANG_WARN_DIRECT_OBJC_ISA_USAGE = YES_ERROR;
				CLANG_WARN_DOCUMENTATION_COMMENTS = YES;
				CLANG_WARN_EMPTY_BODY = YES;
				CLANG_WARN_ENUM_CONVERSION = YES;
				CLANG_WARN_INFINITE_RECURSION = YES;
				CLANG_WARN_INT_CONVERSION = YES;
				CLANG_WARN_NON_LITERAL_NULL_CONVERSION = YES;
				CLANG_WARN_OBJC_IMPLICIT_RETAIN_SELF = YES;
				CLANG_WARN_OBJC_LITERAL_CONVERSION = YES;
				CLANG_WARN_OBJC_ROOT_CLASS = YES_ERROR;
				CLANG_WARN_QUOTED_INCLUDE_IN_FRAMEWORK_HEADER = YES;
				CLANG_WARN_RANGE_LOOP_ANALYSIS = YES;
				CLANG_WARN_STRICT_PROTOTYPES = YES;
				CLANG_WARN_SUSPICIOUS_MOVE = YES;
				CLANG_WARN_UNGUARDED_AVAILABILITY = YES_AGGRESSIVE;
				CLANG_WARN_UNREACHABLE_CODE = YES;
				CLANG_WARN__DUPLICATE_METHOD_MATCH = YES;
				COPY_PHASE_STRIP = NO;
				DEBUG_INFORMATION_FORMAT = dwarf;
				ENABLE_STRICT_OBJC_MSGSEND = YES;
				ENABLE_TESTABILITY = YES;
				GCC_C_LANGUAGE_STANDARD = gnu11;
				GCC_DYNAMIC_NO_PIC = NO;
				GCC_NO_COMMON_BLOCKS = YES;
				GCC_OPTIMIZATION_LEVEL = 0;
				GCC_PREPROCESSOR_DEFINITIONS = (
					"DEBUG=1",
					"$(inherited)",
				);
				GCC_WARN_64_TO_32_BIT_CONVERSION = YES;
				GCC_WARN_ABOUT_RETURN_TYPE = YES_ERROR;
				GCC_WARN_UNDECLARED_SELECTOR = YES;
				GCC_WARN_UNINITIALIZED_AUTOS = YES_AGGRESSIVE;
				GCC_WARN_UNUSED_FUNCTION = YES;
				GCC_WARN_UNUSED_VARIABLE = YES;
				IPHONEOS_DEPLOYMENT_TARGET = 15.0;
				MTL_ENABLE_DEBUG_INFO = INCLUDE_SOURCE;
				MTL_FAST_MATH = YES;
				ONLY_ACTIVE_ARCH = YES;
				SDKROOT = iphoneos;
				SWIFT_ACTIVE_COMPILATION_CONDITIONS = DEBUG;
				SWIFT_OPTIMIZATION_LEVEL = "-Onone";
			};
			name = Debug;
		};
		8632B834274D803000D06321 /* Release */ = {
			isa = XCBuildConfiguration;
			buildSettings = {
				ALWAYS_SEARCH_USER_PATHS = NO;
				CLANG_ANALYZER_NONNULL = YES;
				CLANG_ANALYZER_NUMBER_OBJECT_CONVERSION = YES_AGGRESSIVE;
				CLANG_CXX_LANGUAGE_STANDARD = "gnu++14";
				CLANG_CXX_LIBRARY = "libc++";
				CLANG_ENABLE_MODULES = YES;
				CLANG_ENABLE_OBJC_ARC = YES;
				CLANG_ENABLE_OBJC_WEAK = YES;
				CLANG_WARN_BLOCK_CAPTURE_AUTORELEASING = YES;
				CLANG_WARN_BOOL_CONVERSION = YES;
				CLANG_WARN_COMMA = YES;
				CLANG_WARN_CONSTANT_CONVERSION = YES;
				CLANG_WARN_DEPRECATED_OBJC_IMPLEMENTATIONS = YES;
				CLANG_WARN_DIRECT_OBJC_ISA_USAGE = YES_ERROR;
				CLANG_WARN_DOCUMENTATION_COMMENTS = YES;
				CLANG_WARN_EMPTY_BODY = YES;
				CLANG_WARN_ENUM_CONVERSION = YES;
				CLANG_WARN_INFINITE_RECURSION = YES;
				CLANG_WARN_INT_CONVERSION = YES;
				CLANG_WARN_NON_LITERAL_NULL_CONVERSION = YES;
				CLANG_WARN_OBJC_IMPLICIT_RETAIN_SELF = YES;
				CLANG_WARN_OBJC_LITERAL_CONVERSION = YES;
				CLANG_WARN_OBJC_ROOT_CLASS = YES_ERROR;
				CLANG_WARN_QUOTED_INCLUDE_IN_FRAMEWORK_HEADER = YES;
				CLANG_WARN_RANGE_LOOP_ANALYSIS = YES;
				CLANG_WARN_STRICT_PROTOTYPES = YES;
				CLANG_WARN_SUSPICIOUS_MOVE = YES;
				CLANG_WARN_UNGUARDED_AVAILABILITY = YES_AGGRESSIVE;
				CLANG_WARN_UNREACHABLE_CODE = YES;
				CLANG_WARN__DUPLICATE_METHOD_MATCH = YES;
				COPY_PHASE_STRIP = NO;
				DEBUG_INFORMATION_FORMAT = "dwarf-with-dsym";
				ENABLE_NS_ASSERTIONS = NO;
				ENABLE_STRICT_OBJC_MSGSEND = YES;
				GCC_C_LANGUAGE_STANDARD = gnu11;
				GCC_NO_COMMON_BLOCKS = YES;
				GCC_WARN_64_TO_32_BIT_CONVERSION = YES;
				GCC_WARN_ABOUT_RETURN_TYPE = YES_ERROR;
				GCC_WARN_UNDECLARED_SELECTOR = YES;
				GCC_WARN_UNINITIALIZED_AUTOS = YES_AGGRESSIVE;
				GCC_WARN_UNUSED_FUNCTION = YES;
				GCC_WARN_UNUSED_VARIABLE = YES;
				IPHONEOS_DEPLOYMENT_TARGET = 15.0;
				MTL_ENABLE_DEBUG_INFO = NO;
				MTL_FAST_MATH = YES;
				SDKROOT = iphoneos;
				SWIFT_COMPILATION_MODE = wholemodule;
				SWIFT_OPTIMIZATION_LEVEL = "-O";
				VALIDATE_PRODUCT = YES;
			};
			name = Release;
		};
		8632B836274D803000D06321 /* Debug */ = {
			isa = XCBuildConfiguration;
			buildSettings = {
				ASSETCATALOG_COMPILER_APPICON_NAME = AppIcon;
				ASSETCATALOG_COMPILER_GLOBAL_ACCENT_COLOR_NAME = AccentColor;
				CODE_SIGN_STYLE = Automatic;
				CURRENT_PROJECT_VERSION = 1;
				DEVELOPMENT_ASSET_PATHS = "\"Pokedex/Preview Content\"";
				DEVELOPMENT_TEAM = 2NKXPH4W4Y;
				ENABLE_PREVIEWS = YES;
				GENERATE_INFOPLIST_FILE = YES;
				INFOPLIST_KEY_UIApplicationSceneManifest_Generation = YES;
				INFOPLIST_KEY_UIApplicationSupportsIndirectInputEvents = YES;
				INFOPLIST_KEY_UILaunchScreen_Generation = YES;
				INFOPLIST_KEY_UISupportedInterfaceOrientations_iPad = "UIInterfaceOrientationPortrait UIInterfaceOrientationPortraitUpsideDown UIInterfaceOrientationLandscapeLeft UIInterfaceOrientationLandscapeRight";
				INFOPLIST_KEY_UISupportedInterfaceOrientations_iPhone = "UIInterfaceOrientationPortrait UIInterfaceOrientationLandscapeLeft UIInterfaceOrientationLandscapeRight";
				IPHONEOS_DEPLOYMENT_TARGET = 14.0;
				LD_RUNPATH_SEARCH_PATHS = (
					"$(inherited)",
					"@executable_path/Frameworks",
				);
				MARKETING_VERSION = 1.0;
				PRODUCT_BUNDLE_IDENTIFIER = com.deneme.Pokedex;
				PRODUCT_NAME = "$(TARGET_NAME)";
				SWIFT_EMIT_LOC_STRINGS = YES;
				SWIFT_VERSION = 5.0;
				TARGETED_DEVICE_FAMILY = "1,2";
			};
			name = Debug;
		};
		8632B837274D803000D06321 /* Release */ = {
			isa = XCBuildConfiguration;
			buildSettings = {
				ASSETCATALOG_COMPILER_APPICON_NAME = AppIcon;
				ASSETCATALOG_COMPILER_GLOBAL_ACCENT_COLOR_NAME = AccentColor;
				CODE_SIGN_STYLE = Automatic;
				CURRENT_PROJECT_VERSION = 1;
				DEVELOPMENT_ASSET_PATHS = "\"Pokedex/Preview Content\"";
				DEVELOPMENT_TEAM = 2NKXPH4W4Y;
				ENABLE_PREVIEWS = YES;
				GENERATE_INFOPLIST_FILE = YES;
				INFOPLIST_KEY_UIApplicationSceneManifest_Generation = YES;
				INFOPLIST_KEY_UIApplicationSupportsIndirectInputEvents = YES;
				INFOPLIST_KEY_UILaunchScreen_Generation = YES;
				INFOPLIST_KEY_UISupportedInterfaceOrientations_iPad = "UIInterfaceOrientationPortrait UIInterfaceOrientationPortraitUpsideDown UIInterfaceOrientationLandscapeLeft UIInterfaceOrientationLandscapeRight";
				INFOPLIST_KEY_UISupportedInterfaceOrientations_iPhone = "UIInterfaceOrientationPortrait UIInterfaceOrientationLandscapeLeft UIInterfaceOrientationLandscapeRight";
				IPHONEOS_DEPLOYMENT_TARGET = 14.0;
				LD_RUNPATH_SEARCH_PATHS = (
					"$(inherited)",
					"@executable_path/Frameworks",
				);
				MARKETING_VERSION = 1.0;
				PRODUCT_BUNDLE_IDENTIFIER = com.deneme.Pokedex;
				PRODUCT_NAME = "$(TARGET_NAME)";
				SWIFT_EMIT_LOC_STRINGS = YES;
				SWIFT_VERSION = 5.0;
				TARGETED_DEVICE_FAMILY = "1,2";
			};
			name = Release;
		};
/* End XCBuildConfiguration section */

/* Begin XCConfigurationList section */
		8632B81D274D802F00D06321 /* Build configuration list for PBXProject "Pokedex" */ = {
			isa = XCConfigurationList;
			buildConfigurations = (
				8632B833274D803000D06321 /* Debug */,
				8632B834274D803000D06321 /* Release */,
			);
			defaultConfigurationIsVisible = 0;
			defaultConfigurationName = Release;
		};
		8632B835274D803000D06321 /* Build configuration list for PBXNativeTarget "Pokedex" */ = {
			isa = XCConfigurationList;
			buildConfigurations = (
				8632B836274D803000D06321 /* Debug */,
				8632B837274D803000D06321 /* Release */,
			);
			defaultConfigurationIsVisible = 0;
			defaultConfigurationName = Release;
		};
/* End XCConfigurationList section */

/* Begin XCRemoteSwiftPackageReference section */
		8632B843274D8F0D00D06321 /* XCRemoteSwiftPackageReference "Kingfisher" */ = {
			isa = XCRemoteSwiftPackageReference;
			repositoryURL = "https://github.com/onevcat/Kingfisher.git";
			requirement = {
				kind = upToNextMajorVersion;
				minimumVersion = 7.0.0;
			};
		};
/* End XCRemoteSwiftPackageReference section */

/* Begin XCSwiftPackageProductDependency section */
		8632B844274D8F0D00D06321 /* Kingfisher */ = {
			isa = XCSwiftPackageProductDependency;
			package = 8632B843274D8F0D00D06321 /* XCRemoteSwiftPackageReference "Kingfisher" */;
			productName = Kingfisher;
		};
/* End XCSwiftPackageProductDependency section */

/* Begin XCVersionGroup section */
		8632B830274D803000D06321 /* Pokedex.xcdatamodeld */ = {
			isa = XCVersionGroup;
			children = (
				8632B831274D803000D06321 /* Pokedex.xcdatamodel */,
			);
			currentVersion = 8632B831274D803000D06321 /* Pokedex.xcdatamodel */;
			path = Pokedex.xcdatamodeld;
			sourceTree = "<group>";
			versionGroupType = wrapper.xcdatamodel;
		};
/* End XCVersionGroup section */
	};
	rootObject = 8632B81A274D802F00D06321 /* Project object */;
}
